
Microsoft Visual Studio Solution File, Format Version 12.00
# Visual Studio 15
VisualStudioVersion = 15.0.26124.0
MinimumVisualStudioVersion = 15.0.26124.0
Project("{FAE04EC0-301F-11D3-BF4B-00C04F79EFBC}") = "ReadingList.Api", "ReadingList.Api\ReadingList.Api.csproj", "{9535993E-1526-40B9-B807-2EDC6F73003E}"
EndProject
Project("{FAE04EC0-301F-11D3-BF4B-00C04F79EFBC}") = "ReadingList.Domain", "ReadingList.Domain\ReadingList.Domain.csproj", "{BA07DF29-4C9E-4D28-99A9-14EECEFB088F}"
EndProject
Project("{2150E333-8FDC-42A3-9474-1A3956D46DE8}") = "ReadingList.Db", "ReadingList.Db", "{1BF4830D-0AFA-4AA8-804C-D0D9925E7DE6}"
EndProject
Project("{FAE04EC0-301F-11D3-BF4B-00C04F79EFBC}") = "ReadingList.ReadModel", "ReadingList.ReadModel\ReadingList.ReadModel.csproj", "{8CBB2B06-CFD1-4FE8-949F-08BCE276B0C4}"
EndProject
Project("{FAE04EC0-301F-11D3-BF4B-00C04F79EFBC}") = "ReadingList.WriteModel", "ReadingList.WriteModel\ReadingList.WriteModel.csproj", "{4CF7D7F7-5559-43F4-8E35-315DE8DE1B86}"
EndProject
Global
	GlobalSection(SolutionConfigurationPlatforms) = preSolution
		Debug|Any CPU = Debug|Any CPU
		Debug|x64 = Debug|x64
		Debug|x86 = Debug|x86
		Release|Any CPU = Release|Any CPU
		Release|x64 = Release|x64
		Release|x86 = Release|x86
	EndGlobalSection
	GlobalSection(SolutionProperties) = preSolution
		HideSolutionNode = FALSE
	EndGlobalSection
	GlobalSection(ProjectConfigurationPlatforms) = postSolution
		{9535993E-1526-40B9-B807-2EDC6F73003E}.Debug|Any CPU.ActiveCfg = Debug|Any CPU
		{9535993E-1526-40B9-B807-2EDC6F73003E}.Debug|Any CPU.Build.0 = Debug|Any CPU
		{9535993E-1526-40B9-B807-2EDC6F73003E}.Debug|x64.ActiveCfg = Debug|Any CPU
		{9535993E-1526-40B9-B807-2EDC6F73003E}.Debug|x64.Build.0 = Debug|Any CPU
		{9535993E-1526-40B9-B807-2EDC6F73003E}.Debug|x86.ActiveCfg = Debug|Any CPU
		{9535993E-1526-40B9-B807-2EDC6F73003E}.Debug|x86.Build.0 = Debug|Any CPU
		{9535993E-1526-40B9-B807-2EDC6F73003E}.Release|Any CPU.ActiveCfg = Release|Any CPU
		{9535993E-1526-40B9-B807-2EDC6F73003E}.Release|Any CPU.Build.0 = Release|Any CPU
		{9535993E-1526-40B9-B807-2EDC6F73003E}.Release|x64.ActiveCfg = Release|Any CPU
		{9535993E-1526-40B9-B807-2EDC6F73003E}.Release|x64.Build.0 = Release|Any CPU
		{9535993E-1526-40B9-B807-2EDC6F73003E}.Release|x86.ActiveCfg = Release|Any CPU
		{9535993E-1526-40B9-B807-2EDC6F73003E}.Release|x86.Build.0 = Release|Any CPU
		{BA07DF29-4C9E-4D28-99A9-14EECEFB088F}.Debug|Any CPU.ActiveCfg = Debug|Any CPU
		{BA07DF29-4C9E-4D28-99A9-14EECEFB088F}.Debug|Any CPU.Build.0 = Debug|Any CPU
		{BA07DF29-4C9E-4D28-99A9-14EECEFB088F}.Debug|x64.ActiveCfg = Debug|Any CPU
		{BA07DF29-4C9E-4D28-99A9-14EECEFB088F}.Debug|x64.Build.0 = Debug|Any CPU
		{BA07DF29-4C9E-4D28-99A9-14EECEFB088F}.Debug|x86.ActiveCfg = Debug|Any CPU
		{BA07DF29-4C9E-4D28-99A9-14EECEFB088F}.Debug|x86.Build.0 = Debug|Any CPU
		{BA07DF29-4C9E-4D28-99A9-14EECEFB088F}.Release|Any CPU.ActiveCfg = Release|Any CPU
		{BA07DF29-4C9E-4D28-99A9-14EECEFB088F}.Release|Any CPU.Build.0 = Release|Any CPU
		{BA07DF29-4C9E-4D28-99A9-14EECEFB088F}.Release|x64.ActiveCfg = Release|Any CPU
		{BA07DF29-4C9E-4D28-99A9-14EECEFB088F}.Release|x64.Build.0 = Release|Any CPU
		{BA07DF29-4C9E-4D28-99A9-14EECEFB088F}.Release|x86.ActiveCfg = Release|Any CPU
		{BA07DF29-4C9E-4D28-99A9-14EECEFB088F}.Release|x86.Build.0 = Release|Any CPU
		{8CBB2B06-CFD1-4FE8-949F-08BCE276B0C4}.Debug|Any CPU.ActiveCfg = Debug|Any CPU
		{8CBB2B06-CFD1-4FE8-949F-08BCE276B0C4}.Debug|Any CPU.Build.0 = Debug|Any CPU
		{8CBB2B06-CFD1-4FE8-949F-08BCE276B0C4}.Debug|x64.ActiveCfg = Debug|Any CPU
		{8CBB2B06-CFD1-4FE8-949F-08BCE276B0C4}.Debug|x64.Build.0 = Debug|Any CPU
		{8CBB2B06-CFD1-4FE8-949F-08BCE276B0C4}.Debug|x86.ActiveCfg = Debug|Any CPU
		{8CBB2B06-CFD1-4FE8-949F-08BCE276B0C4}.Debug|x86.Build.0 = Debug|Any CPU
		{8CBB2B06-CFD1-4FE8-949F-08BCE276B0C4}.Release|Any CPU.ActiveCfg = Release|Any CPU
		{8CBB2B06-CFD1-4FE8-949F-08BCE276B0C4}.Release|Any CPU.Build.0 = Release|Any CPU
		{8CBB2B06-CFD1-4FE8-949F-08BCE276B0C4}.Release|x64.ActiveCfg = Release|Any CPU
		{8CBB2B06-CFD1-4FE8-949F-08BCE276B0C4}.Release|x64.Build.0 = Release|Any CPU
		{8CBB2B06-CFD1-4FE8-949F-08BCE276B0C4}.Release|x86.ActiveCfg = Release|Any CPU
		{8CBB2B06-CFD1-4FE8-949F-08BCE276B0C4}.Release|x86.Build.0 = Release|Any CPU
		{4CF7D7F7-5559-43F4-8E35-315DE8DE1B86}.Debug|Any CPU.ActiveCfg = Debug|Any CPU
		{4CF7D7F7-5559-43F4-8E35-315DE8DE1B86}.Debug|Any CPU.Build.0 = Debug|Any CPU
		{4CF7D7F7-5559-43F4-8E35-315DE8DE1B86}.Debug|x64.ActiveCfg = Debug|Any CPU
		{4CF7D7F7-5559-43F4-8E35-315DE8DE1B86}.Debug|x64.Build.0 = Debug|Any CPU
		{4CF7D7F7-5559-43F4-8E35-315DE8DE1B86}.Debug|x86.ActiveCfg = Debug|Any CPU
		{4CF7D7F7-5559-43F4-8E35-315DE8DE1B86}.Debug|x86.Build.0 = Debug|Any CPU
		{4CF7D7F7-5559-43F4-8E35-315DE8DE1B86}.Release|Any CPU.ActiveCfg = Release|Any CPU
		{4CF7D7F7-5559-43F4-8E35-315DE8DE1B86}.Release|Any CPU.Build.0 = Release|Any CPU
		{4CF7D7F7-5559-43F4-8E35-315DE8DE1B86}.Release|x64.ActiveCfg = Release|Any CPU
		{4CF7D7F7-5559-43F4-8E35-315DE8DE1B86}.Release|x64.Build.0 = Release|Any CPU
		{4CF7D7F7-5559-43F4-8E35-315DE8DE1B86}.Release|x86.ActiveCfg = Release|Any CPU
		{4CF7D7F7-5559-43F4-8E35-315DE8DE1B86}.Release|x86.Build.0 = Release|Any CPU
	EndGlobalSection
EndGlobal
