
Microsoft Visual Studio Solution File, Format Version 12.00
# Visual Studio 15
VisualStudioVersion = 15.0.26124.0
MinimumVisualStudioVersion = 15.0.26124.0
Project("{FAE04EC0-301F-11D3-BF4B-00C04F79EFBC}") = "ReadingList.ReadModel", "ReadingList.ReadModel\ReadingList.ReadModel.csproj", "{8CBB2B06-CFD1-4FE8-949F-08BCE276B0C4}"
EndProject
Project("{FAE04EC0-301F-11D3-BF4B-00C04F79EFBC}") = "ReadingList.Domain", "ReadingList.Domain\ReadingList.Domain.csproj", "{BFFE4517-EEC9-4D52-AC25-A312A26ED5B7}"
EndProject
Project("{FAE04EC0-301F-11D3-BF4B-00C04F79EFBC}") = "ReadingList.Api", "ReadingList.Api\ReadingList.Api.csproj", "{7BC5E5CF-07DB-4014-AB16-424E29F70911}"
EndProject
Project("{FAE04EC0-301F-11D3-BF4B-00C04F79EFBC}") = "ReadingList.WriteModel", "ReadingList.WriteModel\ReadingList.WriteModel.csproj", "{4BF05278-BE82-401A-817E-96B813A010B4}"
EndProject
Project("{FAE04EC0-301F-11D3-BF4B-00C04F79EFBC}") = "ReadingList.Tests", "ReadingList.Tests\ReadingList.Tests.csproj", "{C58300A1-ED66-4A69-819E-B5B39A400336}"
EndProject
Project("{FAE04EC0-301F-11D3-BF4B-00C04F79EFBC}") = "ReadingList.Resources", "ReadingList.Resources\ReadingList.Resources.csproj", "{40B1E08C-E82C-4F26-AF25-BBF04FABFA2C}"
EndProject
Global
	GlobalSection(SolutionConfigurationPlatforms) = preSolution
		Debug|Any CPU = Debug|Any CPU
		Debug|x64 = Debug|x64
		Debug|x86 = Debug|x86
		Release|Any CPU = Release|Any CPU
		Release|x64 = Release|x64
		Release|x86 = Release|x86
	EndGlobalSection
	GlobalSection(SolutionProperties) = preSolution
		HideSolutionNode = FALSE
	EndGlobalSection
	GlobalSection(ProjectConfigurationPlatforms) = postSolution
		{8CBB2B06-CFD1-4FE8-949F-08BCE276B0C4}.Debug|Any CPU.ActiveCfg = Debug|Any CPU
		{8CBB2B06-CFD1-4FE8-949F-08BCE276B0C4}.Debug|Any CPU.Build.0 = Debug|Any CPU
		{8CBB2B06-CFD1-4FE8-949F-08BCE276B0C4}.Debug|x64.ActiveCfg = Debug|Any CPU
		{8CBB2B06-CFD1-4FE8-949F-08BCE276B0C4}.Debug|x64.Build.0 = Debug|Any CPU
		{8CBB2B06-CFD1-4FE8-949F-08BCE276B0C4}.Debug|x86.ActiveCfg = Debug|Any CPU
		{8CBB2B06-CFD1-4FE8-949F-08BCE276B0C4}.Debug|x86.Build.0 = Debug|Any CPU
		{8CBB2B06-CFD1-4FE8-949F-08BCE276B0C4}.Release|Any CPU.ActiveCfg = Release|Any CPU
		{8CBB2B06-CFD1-4FE8-949F-08BCE276B0C4}.Release|Any CPU.Build.0 = Release|Any CPU
		{8CBB2B06-CFD1-4FE8-949F-08BCE276B0C4}.Release|x64.ActiveCfg = Release|Any CPU
		{8CBB2B06-CFD1-4FE8-949F-08BCE276B0C4}.Release|x64.Build.0 = Release|Any CPU
		{8CBB2B06-CFD1-4FE8-949F-08BCE276B0C4}.Release|x86.ActiveCfg = Release|Any CPU
		{8CBB2B06-CFD1-4FE8-949F-08BCE276B0C4}.Release|x86.Build.0 = Release|Any CPU
		{BFFE4517-EEC9-4D52-AC25-A312A26ED5B7}.Debug|Any CPU.ActiveCfg = Debug|Any CPU
		{BFFE4517-EEC9-4D52-AC25-A312A26ED5B7}.Debug|Any CPU.Build.0 = Debug|Any CPU
		{BFFE4517-EEC9-4D52-AC25-A312A26ED5B7}.Debug|x64.ActiveCfg = Debug|Any CPU
		{BFFE4517-EEC9-4D52-AC25-A312A26ED5B7}.Debug|x64.Build.0 = Debug|Any CPU
		{BFFE4517-EEC9-4D52-AC25-A312A26ED5B7}.Debug|x86.ActiveCfg = Debug|Any CPU
		{BFFE4517-EEC9-4D52-AC25-A312A26ED5B7}.Debug|x86.Build.0 = Debug|Any CPU
		{BFFE4517-EEC9-4D52-AC25-A312A26ED5B7}.Release|Any CPU.ActiveCfg = Release|Any CPU
		{BFFE4517-EEC9-4D52-AC25-A312A26ED5B7}.Release|Any CPU.Build.0 = Release|Any CPU
		{BFFE4517-EEC9-4D52-AC25-A312A26ED5B7}.Release|x64.ActiveCfg = Release|Any CPU
		{BFFE4517-EEC9-4D52-AC25-A312A26ED5B7}.Release|x64.Build.0 = Release|Any CPU
		{BFFE4517-EEC9-4D52-AC25-A312A26ED5B7}.Release|x86.ActiveCfg = Release|Any CPU
		{BFFE4517-EEC9-4D52-AC25-A312A26ED5B7}.Release|x86.Build.0 = Release|Any CPU
		{7BC5E5CF-07DB-4014-AB16-424E29F70911}.Debug|Any CPU.ActiveCfg = Debug|Any CPU
		{7BC5E5CF-07DB-4014-AB16-424E29F70911}.Debug|Any CPU.Build.0 = Debug|Any CPU
		{7BC5E5CF-07DB-4014-AB16-424E29F70911}.Debug|x64.ActiveCfg = Debug|Any CPU
		{7BC5E5CF-07DB-4014-AB16-424E29F70911}.Debug|x64.Build.0 = Debug|Any CPU
		{7BC5E5CF-07DB-4014-AB16-424E29F70911}.Debug|x86.ActiveCfg = Debug|Any CPU
		{7BC5E5CF-07DB-4014-AB16-424E29F70911}.Debug|x86.Build.0 = Debug|Any CPU
		{7BC5E5CF-07DB-4014-AB16-424E29F70911}.Release|Any CPU.ActiveCfg = Release|Any CPU
		{7BC5E5CF-07DB-4014-AB16-424E29F70911}.Release|Any CPU.Build.0 = Release|Any CPU
		{7BC5E5CF-07DB-4014-AB16-424E29F70911}.Release|x64.ActiveCfg = Release|Any CPU
		{7BC5E5CF-07DB-4014-AB16-424E29F70911}.Release|x64.Build.0 = Release|Any CPU
		{7BC5E5CF-07DB-4014-AB16-424E29F70911}.Release|x86.ActiveCfg = Release|Any CPU
		{7BC5E5CF-07DB-4014-AB16-424E29F70911}.Release|x86.Build.0 = Release|Any CPU
		{4BF05278-BE82-401A-817E-96B813A010B4}.Debug|Any CPU.ActiveCfg = Debug|Any CPU
		{4BF05278-BE82-401A-817E-96B813A010B4}.Debug|Any CPU.Build.0 = Debug|Any CPU
		{4BF05278-BE82-401A-817E-96B813A010B4}.Debug|x64.ActiveCfg = Debug|Any CPU
		{4BF05278-BE82-401A-817E-96B813A010B4}.Debug|x64.Build.0 = Debug|Any CPU
		{4BF05278-BE82-401A-817E-96B813A010B4}.Debug|x86.ActiveCfg = Debug|Any CPU
		{4BF05278-BE82-401A-817E-96B813A010B4}.Debug|x86.Build.0 = Debug|Any CPU
		{4BF05278-BE82-401A-817E-96B813A010B4}.Release|Any CPU.ActiveCfg = Release|Any CPU
		{4BF05278-BE82-401A-817E-96B813A010B4}.Release|Any CPU.Build.0 = Release|Any CPU
		{4BF05278-BE82-401A-817E-96B813A010B4}.Release|x64.ActiveCfg = Release|Any CPU
		{4BF05278-BE82-401A-817E-96B813A010B4}.Release|x64.Build.0 = Release|Any CPU
		{4BF05278-BE82-401A-817E-96B813A010B4}.Release|x86.ActiveCfg = Release|Any CPU
		{4BF05278-BE82-401A-817E-96B813A010B4}.Release|x86.Build.0 = Release|Any CPU
		{C58300A1-ED66-4A69-819E-B5B39A400336}.Debug|Any CPU.ActiveCfg = Debug|Any CPU
		{C58300A1-ED66-4A69-819E-B5B39A400336}.Debug|Any CPU.Build.0 = Debug|Any CPU
		{C58300A1-ED66-4A69-819E-B5B39A400336}.Debug|x64.ActiveCfg = Debug|Any CPU
		{C58300A1-ED66-4A69-819E-B5B39A400336}.Debug|x64.Build.0 = Debug|Any CPU
		{C58300A1-ED66-4A69-819E-B5B39A400336}.Debug|x86.ActiveCfg = Debug|Any CPU
		{C58300A1-ED66-4A69-819E-B5B39A400336}.Debug|x86.Build.0 = Debug|Any CPU
		{C58300A1-ED66-4A69-819E-B5B39A400336}.Release|Any CPU.ActiveCfg = Release|Any CPU
		{C58300A1-ED66-4A69-819E-B5B39A400336}.Release|Any CPU.Build.0 = Release|Any CPU
		{C58300A1-ED66-4A69-819E-B5B39A400336}.Release|x64.ActiveCfg = Release|Any CPU
		{C58300A1-ED66-4A69-819E-B5B39A400336}.Release|x64.Build.0 = Release|Any CPU
		{C58300A1-ED66-4A69-819E-B5B39A400336}.Release|x86.ActiveCfg = Release|Any CPU
		{C58300A1-ED66-4A69-819E-B5B39A400336}.Release|x86.Build.0 = Release|Any CPU
		{40B1E08C-E82C-4F26-AF25-BBF04FABFA2C}.Debug|Any CPU.ActiveCfg = Debug|Any CPU
		{40B1E08C-E82C-4F26-AF25-BBF04FABFA2C}.Debug|Any CPU.Build.0 = Debug|Any CPU
		{40B1E08C-E82C-4F26-AF25-BBF04FABFA2C}.Debug|x64.ActiveCfg = Debug|Any CPU
		{40B1E08C-E82C-4F26-AF25-BBF04FABFA2C}.Debug|x64.Build.0 = Debug|Any CPU
		{40B1E08C-E82C-4F26-AF25-BBF04FABFA2C}.Debug|x86.ActiveCfg = Debug|Any CPU
		{40B1E08C-E82C-4F26-AF25-BBF04FABFA2C}.Debug|x86.Build.0 = Debug|Any CPU
		{40B1E08C-E82C-4F26-AF25-BBF04FABFA2C}.Release|Any CPU.ActiveCfg = Release|Any CPU
		{40B1E08C-E82C-4F26-AF25-BBF04FABFA2C}.Release|Any CPU.Build.0 = Release|Any CPU
		{40B1E08C-E82C-4F26-AF25-BBF04FABFA2C}.Release|x64.ActiveCfg = Release|Any CPU
		{40B1E08C-E82C-4F26-AF25-BBF04FABFA2C}.Release|x64.Build.0 = Release|Any CPU
		{40B1E08C-E82C-4F26-AF25-BBF04FABFA2C}.Release|x86.ActiveCfg = Release|Any CPU
		{40B1E08C-E82C-4F26-AF25-BBF04FABFA2C}.Release|x86.Build.0 = Release|Any CPU
	EndGlobalSection
EndGlobal
